
Microsoft Visual Studio Solution File, Format Version 12.00
Project("{FAE04EC0-301F-11D3-BF4B-00C04F79EFBC}") = "CryptoTechProject", "CryptoTechProject\CryptoTechProject.csproj", "{7AD8A8F4-6EAE-4B51-8CFB-D7C0A36AD182}"
EndProject
Project("{FAE04EC0-301F-11D3-BF4B-00C04F79EFBC}") = "CryptoTechProject.Tests", "CryptoTechProject.Tests\CryptoTechProject.Tests.csproj", "{969FE184-6E84-4206-AEBC-D77DC84DBB37}"
EndProject
Global
	GlobalSection(SolutionConfigurationPlatforms) = preSolution
		Debug|Any CPU = Debug|Any CPU
		Release|Any CPU = Release|Any CPU
	EndGlobalSection
	GlobalSection(ProjectConfigurationPlatforms) = postSolution
		{7AD8A8F4-6EAE-4B51-8CFB-D7C0A36AD182}.Debug|Any CPU.ActiveCfg = Debug|Any CPU
		{7AD8A8F4-6EAE-4B51-8CFB-D7C0A36AD182}.Debug|Any CPU.Build.0 = Debug|Any CPU
		{7AD8A8F4-6EAE-4B51-8CFB-D7C0A36AD182}.Release|Any CPU.ActiveCfg = Release|Any CPU
		{7AD8A8F4-6EAE-4B51-8CFB-D7C0A36AD182}.Release|Any CPU.Build.0 = Release|Any CPU
		{969FE184-6E84-4206-AEBC-D77DC84DBB37}.Debug|Any CPU.ActiveCfg = Debug|Any CPU
		{969FE184-6E84-4206-AEBC-D77DC84DBB37}.Debug|Any CPU.Build.0 = Debug|Any CPU
		{969FE184-6E84-4206-AEBC-D77DC84DBB37}.Release|Any CPU.ActiveCfg = Release|Any CPU
		{969FE184-6E84-4206-AEBC-D77DC84DBB37}.Release|Any CPU.Build.0 = Release|Any CPU
	EndGlobalSection
EndGlobal
